# This file is automatically @generated by Cargo.
# It is not intended for manual editing.
version = 4

[[package]]
name = "ph2d-a11y"
version = "0.0.0"

[[package]]
name = "ph2d-asset"
version = "0.0.0"

[[package]]
name = "ph2d-audio"
version = "0.0.0"

[[package]]
name = "ph2d-core"
version = "0.0.0"

[[package]]
name = "ph2d-ecs"
version = "0.0.0"

[[package]]
name = "ph2d-editor"
version = "0.0.0"

[[package]]
name = "ph2d-fluids"
version = "0.0.0"

[[package]]
name = "ph2d-gpu"
version = "0.0.0"

[[package]]
name = "ph2d-host"
version = "0.0.0"

[[package]]
name = "ph2d-i18n"
version = "0.0.0"

[[package]]
name = "ph2d-input"
version = "0.0.0"

[[package]]
name = "ph2d-light"
version = "0.0.0"

[[package]]
name = "ph2d-mcp"
version = "0.0.0"

[[package]]
name = "ph2d-net"
version = "0.0.0"

[[package]]
name = "ph2d-physics"
version = "0.0.0"

[[package]]
name = "ph2d-physics-soft"
version = "0.0.0"

[[package]]
name = "ph2d-render"
version = "0.0.0"

[[package]]
name = "ph2d-save"
version = "0.0.0"

[[package]]
name = "ph2d-script"
version = "0.0.0"

[[package]]
name = "ph2d-sdf"
version = "0.0.0"

[[package]]
name = "ph2d-telemetry"
version = "0.0.0"

[[package]]
name = "ph2d-text"
version = "0.0.0"

[[package]]
name = "ph2d-vector"
version = "0.0.0"
